PODS:
  - SwiftLint (0.25.1)
  - SwiftyJSON (4.1.0)

DEPENDENCIES:
  - SwiftLint
  - SwiftyJSON

SPEC REPOS:
  https://github.com/CocoaPods/Specs.git:
    - SwiftLint
    - SwiftyJSON

SPEC CHECKSUMS:
  SwiftLint: ce933681be10c3266e82576dad676fa815a602e9
  SwiftyJSON: c29297daf073d2aa016295d5809cdd68045c39b3

PODFILE CHECKSUM: 67c216897522846f8018940bf38091d11805d88d

COCOAPODS: 1.5.0
